
Microsoft Visual Studio Solution File, Format Version 12.00
# Visual Studio 2013
VisualStudioVersion = 12.0.21005.1
MinimumVisualStudioVersion = 10.0.40219.1
Project("{FAE04EC0-301F-11D3-BF4B-00C04F79EFBC}") = "Socket1", "Socket\Socket1.csproj", "{EA4D6E8D-1C54-40DA-A936-B51716EA2DED}"
EndProject
Global
	GlobalSection(SolutionConfigurationPlatforms) = preSolution
		Debug|Any CPU = Debug|Any CPU
		Release|Any CPU = Release|Any CPU
	EndGlobalSection
	GlobalSection(ProjectConfigurationPlatforms) = postSolution
		{EA4D6E8D-1C54-40DA-A936-B51716EA2DED}.Debug|Any CPU.ActiveCfg = Debug|Any CPU
		{EA4D6E8D-1C54-40DA-A936-B51716EA2DED}.Debug|Any CPU.Build.0 = Debug|Any CPU
		{EA4D6E8D-1C54-40DA-A936-B51716EA2DED}.Release|Any CPU.ActiveCfg = Release|Any CPU
		{EA4D6E8D-1C54-40DA-A936-B51716EA2DED}.Release|Any CPU.Build.0 = Release|Any CPU
	EndGlobalSection
	GlobalSection(SolutionProperties) = preSolution
		HideSolutionNode = FALSE
	EndGlobalSection
EndGlobal
